{
  "name": "size-table-webpack-plugin",
  "version": "1.0.0",
  "lockfileVersion": 1,
  "requires": true,
  "dependencies": {
    "cli-table": {
      "version": "0.3.1",
      "resolved": "https://registry.npmjs.org/cli-table/-/cli-table-0.3.1.tgz",
      "integrity": "sha1-9TsFJmqLGguTSz0IIebi3FkUriM=",
      "requires": {
        "colors": "1.0.3"
      }
    },
    "colors": {
      "version": "1.0.3",
      "resolved": "https://registry.npmjs.org/colors/-/colors-1.0.3.tgz",
      "integrity": "sha1-BDP0TYCWgP3rYO0mDxsMJi6CpAs="
    },
    "culinary": {
      "version": "1.1.6",
      "resolved": "https://registry.npmjs.org/culinary/-/culinary-1.1.6.tgz",
      "integrity": "sha1-ud6iUqL/Xi33gRGrvWSDVcJ9Ous="
    },
    "duplexer": {
      "version": "0.1.1",
      "resolved": "https://registry.npmjs.org/duplexer/-/duplexer-0.1.1.tgz",
      "integrity": "sha1-rOb/gIwc5mtX0ev5eXessCM0z8E="
    },
    "filesize": {
      "version": "4.0.0",
      "resolved": "https://registry.npmjs.org/filesize/-/filesize-4.0.0.tgz",
      "integrity": "sha512-IGrOTisl83FmbpiL5KCpfF7+6CRcmndNaWxwYWcnSqXtoNUhVO+1l8rKK4GVE7A8f4fEDkSocS9X6+eXHkEhGA=="
    },
    "gzip-size": {
      "version": "5.0.0",
      "resolved": "https://registry.npmjs.org/gzip-size/-/gzip-size-5.0.0.tgz",
      "integrity": "sha512-5iI7omclyqrnWw4XbXAmGhPsABkSIDQonv2K0h61lybgofWa6iZyvrI3r2zsJH4P8Nb64fFVzlvfhs0g7BBxAA==",
      "requires": {
        "duplexer": "^0.1.1",
        "pify": "^3.0.0"
      }
    },
    "herb": {
      "version": "2.2.6",
      "resolved": "https://registry.npmjs.org/herb/-/herb-2.2.6.tgz",
      "integrity": "sha1-Y8ky07JBS7gEMoCgk5s6ZTGymFo=",
      "requires": {
        "cli-table": "^0.3.1",
        "culinary": "^1.1.0",
        "lodash": "^2.4.1"
      }
    },
    "lodash": {
      "version": "2.4.2",
      "resolved": "https://registry.npmjs.org/lodash/-/lodash-2.4.2.tgz",
      "integrity": "sha1-+t2DS5aDBz2hebPq5tnA0VBT9z4="
    },
    "pify": {
      "version": "3.0.0",
      "resolved": "https://registry.npmjs.org/pify/-/pify-3.0.0.tgz",
      "integrity": "sha1-5aSs0sEB/fPZpNB/DbxNtJ3SgXY="
    }
  }
}
